
Microsoft Visual Studio Solution File, Format Version 12.00
# Visual Studio Version 17
VisualStudioVersion = 17.9.34526.213
MinimumVisualStudioVersion = 10.0.40219.1
Project("{FAE04EC0-301F-11D3-BF4B-00C04F79EFBC}") = "COMTEST", "COMTEST.csproj", "{9E102072-E292-4109-A62F-0CB02FB36D62}"
EndProject
Global
	GlobalSection(SolutionConfigurationPlatforms) = preSolution
		Debug|Any CPU = Debug|Any CPU
		Release|Any CPU = Release|Any CPU
	EndGlobalSection
	GlobalSection(ProjectConfigurationPlatforms) = postSolution
		{9E102072-E292-4109-A62F-0CB02FB36D62}.Debug|Any CPU.ActiveCfg = Debug|Any CPU
		{9E102072-E292-4109-A62F-0CB02FB36D62}.Debug|Any CPU.Build.0 = Debug|Any CPU
		{9E102072-E292-4109-A62F-0CB02FB36D62}.Release|Any CPU.ActiveCfg = Release|Any CPU
		{9E102072-E292-4109-A62F-0CB02FB36D62}.Release|Any CPU.Build.0 = Release|Any CPU
	EndGlobalSection
	GlobalSection(SolutionProperties) = preSolution
		HideSolutionNode = FALSE
	EndGlobalSection
	GlobalSection(ExtensibilityGlobals) = postSolution
		SolutionGuid = {E82EFF46-C2F8-4659-8AC9-AB186FDCDC15}
	EndGlobalSection
EndGlobal
